// !$*UTF8*$!
{
	archiveVersion = 1;
	classes = {
	};
	objectVersion = 77;
	objects = {

/* Begin PBXBuildFile section */
		2200D085E7B69957855949ED /* LocalSnapshotStore.swift in Sources */ = {isa = PBXBuildFile; fileRef = CEED0760241BADE47AB545B7 /* LocalSnapshotStore.swift */; };
		A705BC6F0D3A543F75D84535 /* Assets.xcassets in Resources */ = {isa = PBXBuildFile; fileRef = 6D7388421B1A4219EF55A7B2 /* Assets.xcassets */; };
		B62C2C7DCF69BD92439B2DAF /* OperationsFloaterApp.swift in Sources */ = {isa = PBXBuildFile; fileRef = 62EC0288576AB159180BAA8B /* OperationsFloaterApp.swift */; };
		C3C29CC6F7D8859A4E569D23 /* GuidePresentation.swift in Sources */ = {isa = PBXBuildFile; fileRef = 36310E1C2D59EB7955C2B76F /* GuidePresentation.swift */; };
		C5CF829831A8C373615B6D78 /* QueueRace.swift in Sources */ = {isa = PBXBuildFile; fileRef = 4A9DF97AD77E17679BD52803 /* QueueRace.swift */; };
		FD43F65E79771F0CB6719A1D /* DashboardContract.swift in Sources */ = {isa = PBXBuildFile; fileRef = 02D2103622C4FB3754F316FE /* DashboardContract.swift */; };
/* End PBXBuildFile section */

/* Begin PBXFileReference section */
		02D2103622C4FB3754F316FE /* DashboardContract.swift */ = {isa = PBXFileReference; lastKnownFileType = sourcecode.swift; path = DashboardContract.swift; sourceTree = "<group>"; };
		1879896A7B14D79C647AA2C1 /* OperationsFloater.app */ = {isa = PBXFileReference; explicitFileType = wrapper.application; includeInIndex = 0; path = OperationsFloater.app; sourceTree = BUILT_PRODUCTS_DIR; };
		36310E1C2D59EB7955C2B76F /* GuidePresentation.swift */ = {isa = PBXFileReference; lastKnownFileType = sourcecode.swift; path = GuidePresentation.swift; sourceTree = "<group>"; };
		4A9DF97AD77E17679BD52803 /* QueueRace.swift */ = {isa = PBXFileReference; lastKnownFileType = sourcecode.swift; path = QueueRace.swift; sourceTree = "<group>"; };
		62EC0288576AB159180BAA8B /* OperationsFloaterApp.swift */ = {isa = PBXFileReference; lastKnownFileType = sourcecode.swift; path = OperationsFloaterApp.swift; sourceTree = "<group>"; };
		6D7388421B1A4219EF55A7B2 /* Assets.xcassets */ = {isa = PBXFileReference; lastKnownFileType = folder.assetcatalog; path = Assets.xcassets; sourceTree = "<group>"; };
		CEED0760241BADE47AB545B7 /* LocalSnapshotStore.swift */ = {isa = PBXFileReference; lastKnownFileType = sourcecode.swift; path = LocalSnapshotStore.swift; sourceTree = "<group>"; };
/* End PBXFileReference section */

/* Begin PBXGroup section */
		2DA741E94E54E215447AE266 = {
			isa = PBXGroup;
			children = (
				6D7388421B1A4219EF55A7B2 /* Assets.xcassets */,
				B80BC94537001B87D87E8E07 /* OperationsFloater */,
				C297B170AAF4D60AB8A37E10 /* Products */,
			);
			sourceTree = "<group>";
		};
		B80BC94537001B87D87E8E07 /* OperationsFloater */ = {
			isa = PBXGroup;
			children = (
				02D2103622C4FB3754F316FE /* DashboardContract.swift */,
				36310E1C2D59EB7955C2B76F /* GuidePresentation.swift */,
				CEED0760241BADE47AB545B7 /* LocalSnapshotStore.swift */,
				62EC0288576AB159180BAA8B /* OperationsFloaterApp.swift */,
				4A9DF97AD77E17679BD52803 /* QueueRace.swift */,
			);
			name = OperationsFloater;
			path = Sources/OperationsFloater;
			sourceTree = "<group>";
		};
		C297B170AAF4D60AB8A37E10 /* Products */ = {
			isa = PBXGroup;
			children = (
				1879896A7B14D79C647AA2C1 /* OperationsFloater.app */,
			);
			name = Products;
			sourceTree = "<group>";
		};
/* End PBXGroup section */

/* Begin PBXNativeTarget section */
		AD1185FB32B3A84AA914017E /* OperationsFloater */ = {
			isa = PBXNativeTarget;
			buildConfigurationList = D2584BB46707705BC5E3BDB5 /* Build configuration list for PBXNativeTarget "OperationsFloater" */;
			buildPhases = (
				18435FBB03FC9845B72DF4B5 /* Sources */,
				0DE14B120712D1E2BC8685DD /* Resources */,
			);
			buildRules = (
			);
			dependencies = (
			);
			name = OperationsFloater;
			packageProductDependencies = (
			);
			productName = OperationsFloater;
			productReference = 1879896A7B14D79C647AA2C1 /* OperationsFloater.app */;
			productType = "com.apple.product-type.application";
		};
/* End PBXNativeTarget section */

/* Begin PBXProject section */
		3DA12103A582BA3C1C2BA48F /* Project object */ = {
			isa = PBXProject;
			attributes = {
				BuildIndependentTargetsInParallel = YES;
				LastUpgradeCheck = 1430;
				TargetAttributes = {
					AD1185FB32B3A84AA914017E = {
						ProvisioningStyle = Automatic;
					};
				};
			};
			buildConfigurationList = 2BBDC254F310C7D6312D6C43 /* Build configuration list for PBXProject "OperationsFloater" */;
			developmentRegion = en;
			hasScannedForEncodings = 0;
			knownRegions = (
				Base,
				en,
			);
			mainGroup = 2DA741E94E54E215447AE266;
			minimizedProjectReferenceProxies = 1;
			preferredProjectObjectVersion = 77;
			productRefGroup = C297B170AAF4D60AB8A37E10 /* Products */;
			projectDirPath = "";
			projectRoot = "";
			targets = (
				AD1185FB32B3A84AA914017E /* OperationsFloater */,
			);
		};
/* End PBXProject section */

/* Begin PBXResourcesBuildPhase section */
		0DE14B120712D1E2BC8685DD /* Resources */ = {
			isa = PBXResourcesBuildPhase;
			buildActionMask = 2147483647;
			files = (
				A705BC6F0D3A543F75D84535 /* Assets.xcassets in Resources */,
			);
			runOnlyForDeploymentPostprocessing = 0;
		};
/* End PBXResourcesBuildPhase section */

/* Begin PBXSourcesBuildPhase section */
		18435FBB03FC9845B72DF4B5 /* Sources */ = {
			isa = PBXSourcesBuildPhase;
			buildActionMask = 2147483647;
			files = (
				FD43F65E79771F0CB6719A1D /* DashboardContract.swift in Sources */,
				C3C29CC6F7D8859A4E569D23 /* GuidePresentation.swift in Sources */,
				2200D085E7B69957855949ED /* LocalSnapshotStore.swift in Sources */,
				B62C2C7DCF69BD92439B2DAF /* OperationsFloaterApp.swift in Sources */,
				C5CF829831A8C373615B6D78 /* QueueRace.swift in Sources */,
			);
			runOnlyForDeploymentPostprocessing = 0;
		};
/* End PBXSourcesBuildPhase section */

/* Begin XCBuildConfiguration section */
		92D97A4FA96BFE9100A14F75 /* Release */ = {
			isa = XCBuildConfiguration;
			buildSettings = {
				ASSETCATALOG_COMPILER_APPICON_NAME = AppIcon;
				CODE_SIGN_ENTITLEMENTS = OperationsFloater.entitlements;
				COMBINE_HIDPI_IMAGES = YES;
				ENABLE_APP_SANDBOX = YES;
				ENABLE_HARDENED_RUNTIME = YES;
				GENERATE_INFOPLIST_FILE = NO;
				INFOPLIST_FILE = Info.plist;
				LD_RUNPATH_SEARCH_PATHS = (
					"$(inherited)",
					"@executable_path/../Frameworks",
				);
				PRODUCT_BUNDLE_IDENTIFIER = com.example.operationsfloater;
				PRODUCT_NAME = "Operations Floater";
				SDKROOT = macosx;
			};
			name = Release;
		};
		A3B106283780491DF9277C62 /* Debug */ = {
			isa = XCBuildConfiguration;
			buildSettings = {
				ASSETCATALOG_COMPILER_APPICON_NAME = AppIcon;
				CODE_SIGN_ENTITLEMENTS = OperationsFloater.entitlements;
				COMBINE_HIDPI_IMAGES = YES;
				ENABLE_APP_SANDBOX = YES;
				ENABLE_HARDENED_RUNTIME = YES;
				GENERATE_INFOPLIST_FILE = NO;
				INFOPLIST_FILE = Info.plist;
				LD_RUNPATH_SEARCH_PATHS = (
					"$(inherited)",
					"@executable_path/../Frameworks",
				);
				PRODUCT_BUNDLE_IDENTIFIER = com.example.operationsfloater;
				PRODUCT_NAME = "Operations Floater";
				SDKROOT = macosx;
			};
			name = Debug;
		};
		B3CC326F8B3211B78F0F8947 /* Release */ = {
			isa = XCBuildConfiguration;
			buildSettings = {
				ALWAYS_SEARCH_USER_PATHS = NO;
				CLANG_ANALYZER_NONNULL = YES;
				CLANG_ANALYZER_NUMBER_OBJECT_CONVERSION = YES_AGGRESSIVE;
				CLANG_CXX_LANGUAGE_STANDARD = "gnu++14";
				CLANG_CXX_LIBRARY = "libc++";
				CLANG_ENABLE_MODULES = YES;
				CLANG_ENABLE_OBJC_ARC = YES;
				CLANG_ENABLE_OBJC_WEAK = YES;
				CLANG_WARN_BLOCK_CAPTURE_AUTORELEASING = YES;
				CLANG_WARN_BOOL_CONVERSION = YES;
				CLANG_WARN_COMMA = YES;
				CLANG_WARN_CONSTANT_CONVERSION = YES;
				CLANG_WARN_DEPRECATED_OBJC_IMPLEMENTATIONS = YES;
				CLANG_WARN_DIRECT_OBJC_ISA_USAGE = YES_ERROR;
				CLANG_WARN_DOCUMENTATION_COMMENTS = YES;
				CLANG_WARN_EMPTY_BODY = YES;
				CLANG_WARN_ENUM_CONVERSION = YES;
				CLANG_WARN_INFINITE_RECURSION = YES;
				CLANG_WARN_INT_CONVERSION = YES;
				CLANG_WARN_NON_LITERAL_NULL_CONVERSION = YES;
				CLANG_WARN_OBJC_IMPLICIT_RETAIN_SELF = YES;
				CLANG_WARN_OBJC_LITERAL_CONVERSION = YES;
				CLANG_WARN_OBJC_ROOT_CLASS = YES_ERROR;
				CLANG_WARN_QUOTED_INCLUDE_IN_FRAMEWORK_HEADER = YES;
				CLANG_WARN_RANGE_LOOP_ANALYSIS = YES;
				CLANG_WARN_STRICT_PROTOTYPES = YES;
				CLANG_WARN_SUSPICIOUS_MOVE = YES;
				CLANG_WARN_UNGUARDED_AVAILABILITY = YES_AGGRESSIVE;
				CLANG_WARN_UNREACHABLE_CODE = YES;
				CLANG_WARN__DUPLICATE_METHOD_MATCH = YES;
				CODE_SIGN_STYLE = Automatic;
				COPY_PHASE_STRIP = NO;
				DEBUG_INFORMATION_FORMAT = "dwarf-with-dsym";
				ENABLE_NS_ASSERTIONS = NO;
				ENABLE_STRICT_OBJC_MSGSEND = YES;
				GCC_C_LANGUAGE_STANDARD = gnu11;
				GCC_NO_COMMON_BLOCKS = YES;
				GCC_WARN_64_TO_32_BIT_CONVERSION = YES;
				GCC_WARN_ABOUT_RETURN_TYPE = YES_ERROR;
				GCC_WARN_UNDECLARED_SELECTOR = YES;
				GCC_WARN_UNINITIALIZED_AUTOS = YES_AGGRESSIVE;
				GCC_WARN_UNUSED_FUNCTION = YES;
				GCC_WARN_UNUSED_VARIABLE = YES;
				MACOSX_DEPLOYMENT_TARGET = 14.0;
				MTL_ENABLE_DEBUG_INFO = NO;
				MTL_FAST_MATH = YES;
				PRODUCT_NAME = "$(TARGET_NAME)";
				SDKROOT = macosx;
				SWIFT_COMPILATION_MODE = wholemodule;
				SWIFT_OPTIMIZATION_LEVEL = "-O";
				SWIFT_VERSION = 6.0;
			};
			name = Release;
		};
		C54F1CC86271DA745800A2B8 /* Debug */ = {
			isa = XCBuildConfiguration;
			buildSettings = {
				ALWAYS_SEARCH_USER_PATHS = NO;
				CLANG_ANALYZER_NONNULL = YES;
				CLANG_ANALYZER_NUMBER_OBJECT_CONVERSION = YES_AGGRESSIVE;
				CLANG_CXX_LANGUAGE_STANDARD = "gnu++14";
				CLANG_CXX_LIBRARY = "libc++";
				CLANG_ENABLE_MODULES = YES;
				CLANG_ENABLE_OBJC_ARC = YES;
				CLANG_ENABLE_OBJC_WEAK = YES;
				CLANG_WARN_BLOCK_CAPTURE_AUTORELEASING = YES;
				CLANG_WARN_BOOL_CONVERSION = YES;
				CLANG_WARN_COMMA = YES;
				CLANG_WARN_CONSTANT_CONVERSION = YES;
				CLANG_WARN_DEPRECATED_OBJC_IMPLEMENTATIONS = YES;
				CLANG_WARN_DIRECT_OBJC_ISA_USAGE = YES_ERROR;
				CLANG_WARN_DOCUMENTATION_COMMENTS = YES;
				CLANG_WARN_EMPTY_BODY = YES;
				CLANG_WARN_ENUM_CONVERSION = YES;
				CLANG_WARN_INFINITE_RECURSION = YES;
				CLANG_WARN_INT_CONVERSION = YES;
				CLANG_WARN_NON_LITERAL_NULL_CONVERSION = YES;
				CLANG_WARN_OBJC_IMPLICIT_RETAIN_SELF = YES;
				CLANG_WARN_OBJC_LITERAL_CONVERSION = YES;
				CLANG_WARN_OBJC_ROOT_CLASS = YES_ERROR;
				CLANG_WARN_QUOTED_INCLUDE_IN_FRAMEWORK_HEADER = YES;
				CLANG_WARN_RANGE_LOOP_ANALYSIS = YES;
				CLANG_WARN_STRICT_PROTOTYPES = YES;
				CLANG_WARN_SUSPICIOUS_MOVE = YES;
				CLANG_WARN_UNGUARDED_AVAILABILITY = YES_AGGRESSIVE;
				CLANG_WARN_UNREACHABLE_CODE = YES;
				CLANG_WARN__DUPLICATE_METHOD_MATCH = YES;
				CODE_SIGN_STYLE = Automatic;
				COPY_PHASE_STRIP = NO;
				DEBUG_INFORMATION_FORMAT = dwarf;
				ENABLE_STRICT_OBJC_MSGSEND = YES;
				ENABLE_TESTABILITY = YES;
				GCC_C_LANGUAGE_STANDARD = gnu11;
				GCC_DYNAMIC_NO_PIC = NO;
				GCC_NO_COMMON_BLOCKS = YES;
				GCC_OPTIMIZATION_LEVEL = 0;
				GCC_PREPROCESSOR_DEFINITIONS = (
					"$(inherited)",
					"DEBUG=1",
				);
				GCC_WARN_64_TO_32_BIT_CONVERSION = YES;
				GCC_WARN_ABOUT_RETURN_TYPE = YES_ERROR;
				GCC_WARN_UNDECLARED_SELECTOR = YES;
				GCC_WARN_UNINITIALIZED_AUTOS = YES_AGGRESSIVE;
				GCC_WARN_UNUSED_FUNCTION = YES;
				GCC_WARN_UNUSED_VARIABLE = YES;
				MACOSX_DEPLOYMENT_TARGET = 14.0;
				MTL_ENABLE_DEBUG_INFO = INCLUDE_SOURCE;
				MTL_FAST_MATH = YES;
				ONLY_ACTIVE_ARCH = YES;
				PRODUCT_NAME = "$(TARGET_NAME)";
				SDKROOT = macosx;
				SWIFT_ACTIVE_COMPILATION_CONDITIONS = DEBUG;
				SWIFT_OPTIMIZATION_LEVEL = "-Onone";
				SWIFT_VERSION = 6.0;
			};
			name = Debug;
		};
/* End XCBuildConfiguration section */

/* Begin XCConfigurationList section */
		2BBDC254F310C7D6312D6C43 /* Build configuration list for PBXProject "OperationsFloater" */ = {
			isa = XCConfigurationList;
			buildConfigurations = (
				C54F1CC86271DA745800A2B8 /* Debug */,
				B3CC326F8B3211B78F0F8947 /* Release */,
			);
			defaultConfigurationIsVisible = 0;
			defaultConfigurationName = Debug;
		};
		D2584BB46707705BC5E3BDB5 /* Build configuration list for PBXNativeTarget "OperationsFloater" */ = {
			isa = XCConfigurationList;
			buildConfigurations = (
				A3B106283780491DF9277C62 /* Debug */,
				92D97A4FA96BFE9100A14F75 /* Release */,
			);
			defaultConfigurationIsVisible = 0;
			defaultConfigurationName = Debug;
		};
/* End XCConfigurationList section */
	};
	rootObject = 3DA12103A582BA3C1C2BA48F /* Project object */;
}
